
Microsoft Visual Studio Solution File, Format Version 12.00
# Visual Studio Version 17
VisualStudioVersion = 17.2.32630.192
MinimumVisualStudioVersion = 10.0.40219.1
Project("{9A19103F-16F7-4668-BE54-9A1E7A4F7556}") = "R5T.L0071.Construction", "R5T.L0071.Construction\R5T.L0071.Construction.csproj", "{8C7411AA-C8A9-4FB4-9C1C-4D45702055DE}"
EndProject
Project("{9A19103F-16F7-4668-BE54-9A1E7A4F7556}") = "R5T.L0071", "R5T.L0071\R5T.L0071.csproj", "{697535D1-972D-4BB6-BA73-2F56DE006BC4}"
EndProject
Project("{2150E333-8FDC-42A3-9474-1A3956D46DE8}") = "_Dependencies", "_Dependencies", "{CB0F1291-5D05-4F85-87EB-235EA0B130B4}"
EndProject
Project("{9A19103F-16F7-4668-BE54-9A1E7A4F7556}") = "R5T.L0066", "..\..\R5T.L0066\source\R5T.L0066\R5T.L0066.csproj", "{0A1A0158-7AA8-40D0-B12E-F50831B962CD}"
EndProject
Project("{9A19103F-16F7-4668-BE54-9A1E7A4F7556}") = "R5T.T0131", "..\..\R5T.T0131\source\R5T.T0131\R5T.T0131.csproj", "{B4A4FA12-632C-4A3B-99C4-411C5AA4C81C}"
EndProject
Project("{9A19103F-16F7-4668-BE54-9A1E7A4F7556}") = "R5T.T0132", "..\..\R5T.T0132\source\R5T.T0132\R5T.T0132.csproj", "{520BD60E-2408-485D-A94A-118C3E548200}"
EndProject
Project("{9A19103F-16F7-4668-BE54-9A1E7A4F7556}") = "R5T.T0142", "..\..\R5T.T0142\source\R5T.T0142\R5T.T0142.csproj", "{210CF6B5-B7FB-490C-B159-61D0942D1E24}"
EndProject
Project("{9A19103F-16F7-4668-BE54-9A1E7A4F7556}") = "R5T.T0143", "..\..\R5T.T0143\source\R5T.T0143\R5T.T0143.csproj", "{BBA34784-27E5-46B0-BE51-58733BE8637F}"
EndProject
Project("{9A19103F-16F7-4668-BE54-9A1E7A4F7556}") = "R5T.T0156", "..\..\R5T.T0156\source\R5T.T0156\R5T.T0156.csproj", "{637E6A11-9518-4436-80B8-45F911EE647E}"
EndProject
Project("{9A19103F-16F7-4668-BE54-9A1E7A4F7556}") = "R5T.Y0006", "..\..\R5T.Y0006\source\R5T.Y0006\R5T.Y0006.csproj", "{CE0FCAD8-3290-451C-8A87-FC63A9B53572}"
EndProject
Global
	GlobalSection(NestedProjects) = preSolution
		{0A1A0158-7AA8-40D0-B12E-F50831B962CD} = {CB0F1291-5D05-4F85-87EB-235EA0B130B4}
		{B4A4FA12-632C-4A3B-99C4-411C5AA4C81C} = {CB0F1291-5D05-4F85-87EB-235EA0B130B4}
		{520BD60E-2408-485D-A94A-118C3E548200} = {CB0F1291-5D05-4F85-87EB-235EA0B130B4}
		{210CF6B5-B7FB-490C-B159-61D0942D1E24} = {CB0F1291-5D05-4F85-87EB-235EA0B130B4}
		{BBA34784-27E5-46B0-BE51-58733BE8637F} = {CB0F1291-5D05-4F85-87EB-235EA0B130B4}
		{637E6A11-9518-4436-80B8-45F911EE647E} = {CB0F1291-5D05-4F85-87EB-235EA0B130B4}
		{CE0FCAD8-3290-451C-8A87-FC63A9B53572} = {CB0F1291-5D05-4F85-87EB-235EA0B130B4}
	EndGlobalSection
	GlobalSection(SolutionConfigurationPlatforms) = preSolution
		Debug|Any CPU = Debug|Any CPU
		Release|Any CPU = Release|Any CPU
	EndGlobalSection
	GlobalSection(ProjectConfigurationPlatforms) = postSolution
		{8C7411AA-C8A9-4FB4-9C1C-4D45702055DE}.Debug|Any CPU.ActiveCfg = Debug|Any CPU
		{8C7411AA-C8A9-4FB4-9C1C-4D45702055DE}.Debug|Any CPU.Build.0 = Debug|Any CPU
		{8C7411AA-C8A9-4FB4-9C1C-4D45702055DE}.Release|Any CPU.ActiveCfg = Release|Any CPU
		{8C7411AA-C8A9-4FB4-9C1C-4D45702055DE}.Release|Any CPU.Build.0 = Release|Any CPU
		{697535D1-972D-4BB6-BA73-2F56DE006BC4}.Debug|Any CPU.ActiveCfg = Debug|Any CPU
		{697535D1-972D-4BB6-BA73-2F56DE006BC4}.Debug|Any CPU.Build.0 = Debug|Any CPU
		{697535D1-972D-4BB6-BA73-2F56DE006BC4}.Release|Any CPU.ActiveCfg = Release|Any CPU
		{697535D1-972D-4BB6-BA73-2F56DE006BC4}.Release|Any CPU.Build.0 = Release|Any CPU
		{0A1A0158-7AA8-40D0-B12E-F50831B962CD}.Debug|Any CPU.ActiveCfg = Debug|Any CPU
		{0A1A0158-7AA8-40D0-B12E-F50831B962CD}.Debug|Any CPU.Build.0 = Debug|Any CPU
		{0A1A0158-7AA8-40D0-B12E-F50831B962CD}.Release|Any CPU.ActiveCfg = Release|Any CPU
		{0A1A0158-7AA8-40D0-B12E-F50831B962CD}.Release|Any CPU.Build.0 = Release|Any CPU
		{B4A4FA12-632C-4A3B-99C4-411C5AA4C81C}.Debug|Any CPU.ActiveCfg = Debug|Any CPU
		{B4A4FA12-632C-4A3B-99C4-411C5AA4C81C}.Debug|Any CPU.Build.0 = Debug|Any CPU
		{B4A4FA12-632C-4A3B-99C4-411C5AA4C81C}.Release|Any CPU.ActiveCfg = Release|Any CPU
		{B4A4FA12-632C-4A3B-99C4-411C5AA4C81C}.Release|Any CPU.Build.0 = Release|Any CPU
		{520BD60E-2408-485D-A94A-118C3E548200}.Debug|Any CPU.ActiveCfg = Debug|Any CPU
		{520BD60E-2408-485D-A94A-118C3E548200}.Debug|Any CPU.Build.0 = Debug|Any CPU
		{520BD60E-2408-485D-A94A-118C3E548200}.Release|Any CPU.ActiveCfg = Release|Any CPU
		{520BD60E-2408-485D-A94A-118C3E548200}.Release|Any CPU.Build.0 = Release|Any CPU
		{210CF6B5-B7FB-490C-B159-61D0942D1E24}.Debug|Any CPU.ActiveCfg = Debug|Any CPU
		{210CF6B5-B7FB-490C-B159-61D0942D1E24}.Debug|Any CPU.Build.0 = Debug|Any CPU
		{210CF6B5-B7FB-490C-B159-61D0942D1E24}.Release|Any CPU.ActiveCfg = Release|Any CPU
		{210CF6B5-B7FB-490C-B159-61D0942D1E24}.Release|Any CPU.Build.0 = Release|Any CPU
		{BBA34784-27E5-46B0-BE51-58733BE8637F}.Debug|Any CPU.ActiveCfg = Debug|Any CPU
		{BBA34784-27E5-46B0-BE51-58733BE8637F}.Debug|Any CPU.Build.0 = Debug|Any CPU
		{BBA34784-27E5-46B0-BE51-58733BE8637F}.Release|Any CPU.ActiveCfg = Release|Any CPU
		{BBA34784-27E5-46B0-BE51-58733BE8637F}.Release|Any CPU.Build.0 = Release|Any CPU
		{637E6A11-9518-4436-80B8-45F911EE647E}.Debug|Any CPU.ActiveCfg = Debug|Any CPU
		{637E6A11-9518-4436-80B8-45F911EE647E}.Debug|Any CPU.Build.0 = Debug|Any CPU
		{637E6A11-9518-4436-80B8-45F911EE647E}.Release|Any CPU.ActiveCfg = Release|Any CPU
		{637E6A11-9518-4436-80B8-45F911EE647E}.Release|Any CPU.Build.0 = Release|Any CPU
		{CE0FCAD8-3290-451C-8A87-FC63A9B53572}.Debug|Any CPU.ActiveCfg = Debug|Any CPU
		{CE0FCAD8-3290-451C-8A87-FC63A9B53572}.Debug|Any CPU.Build.0 = Debug|Any CPU
		{CE0FCAD8-3290-451C-8A87-FC63A9B53572}.Release|Any CPU.ActiveCfg = Release|Any CPU
		{CE0FCAD8-3290-451C-8A87-FC63A9B53572}.Release|Any CPU.Build.0 = Release|Any CPU
	EndGlobalSection
	GlobalSection(SolutionProperties) = preSolution
		HideSolutionNode = FALSE
	EndGlobalSection
	GlobalSection(ExtensibilityGlobals) = postSolution
		SolutionGuid = {FB8999EF-E067-4701-8D8E-273326A45BEB}
	EndGlobalSection
EndGlobal
