
Microsoft Visual Studio Solution File, Format Version 12.00
# Visual Studio Version 17
VisualStudioVersion = 17.2.32630.192
MinimumVisualStudioVersion = 10.0.40219.1
Project("{9A19103F-16F7-4668-BE54-9A1E7A4F7556}") = "R5T.L0071", "R5T.L0071\R5T.L0071.csproj", "{D1EF6EAE-4022-416C-B625-491187A2F6B1}"
EndProject
Project("{2150E333-8FDC-42A3-9474-1A3956D46DE8}") = "_Dependencies", "_Dependencies", "{6C679CD7-5542-4BCD-AC2E-DC9E334B5C0A}"
EndProject
Project("{9A19103F-16F7-4668-BE54-9A1E7A4F7556}") = "R5T.L0066", "..\..\R5T.L0066\source\R5T.L0066\R5T.L0066.csproj", "{68F353BF-A3D2-426C-AAEA-4555414D8215}"
EndProject
Project("{9A19103F-16F7-4668-BE54-9A1E7A4F7556}") = "R5T.T0131", "..\..\R5T.T0131\source\R5T.T0131\R5T.T0131.csproj", "{AC5E3238-F7C2-48EB-BC0F-BA94B4124E78}"
EndProject
Project("{9A19103F-16F7-4668-BE54-9A1E7A4F7556}") = "R5T.T0132", "..\..\R5T.T0132\source\R5T.T0132\R5T.T0132.csproj", "{27B0C6CF-19F9-4CFD-868C-B5E63E4C2B5B}"
EndProject
Project("{9A19103F-16F7-4668-BE54-9A1E7A4F7556}") = "R5T.T0142", "..\..\R5T.T0142\source\R5T.T0142\R5T.T0142.csproj", "{05102E5C-7A68-4D53-9E97-ACAC03DD3906}"
EndProject
Project("{9A19103F-16F7-4668-BE54-9A1E7A4F7556}") = "R5T.T0143", "..\..\R5T.T0143\source\R5T.T0143\R5T.T0143.csproj", "{A6D7AD22-D319-4DF3-9184-C9991C38054E}"
EndProject
Project("{9A19103F-16F7-4668-BE54-9A1E7A4F7556}") = "R5T.T0156", "..\..\R5T.T0156\source\R5T.T0156\R5T.T0156.csproj", "{B9C09AE9-5F7C-4E3A-AA66-57CD8A7A352F}"
EndProject
Project("{9A19103F-16F7-4668-BE54-9A1E7A4F7556}") = "R5T.Y0006", "..\..\R5T.Y0006\source\R5T.Y0006\R5T.Y0006.csproj", "{421C9C2E-F463-4E6E-8CF0-0EDD2CC1DFE5}"
EndProject
Global
	GlobalSection(NestedProjects) = preSolution
		{68F353BF-A3D2-426C-AAEA-4555414D8215} = {6C679CD7-5542-4BCD-AC2E-DC9E334B5C0A}
		{AC5E3238-F7C2-48EB-BC0F-BA94B4124E78} = {6C679CD7-5542-4BCD-AC2E-DC9E334B5C0A}
		{27B0C6CF-19F9-4CFD-868C-B5E63E4C2B5B} = {6C679CD7-5542-4BCD-AC2E-DC9E334B5C0A}
		{05102E5C-7A68-4D53-9E97-ACAC03DD3906} = {6C679CD7-5542-4BCD-AC2E-DC9E334B5C0A}
		{A6D7AD22-D319-4DF3-9184-C9991C38054E} = {6C679CD7-5542-4BCD-AC2E-DC9E334B5C0A}
		{B9C09AE9-5F7C-4E3A-AA66-57CD8A7A352F} = {6C679CD7-5542-4BCD-AC2E-DC9E334B5C0A}
		{421C9C2E-F463-4E6E-8CF0-0EDD2CC1DFE5} = {6C679CD7-5542-4BCD-AC2E-DC9E334B5C0A}
	EndGlobalSection
	GlobalSection(SolutionConfigurationPlatforms) = preSolution
		Debug|Any CPU = Debug|Any CPU
		Release|Any CPU = Release|Any CPU
	EndGlobalSection
	GlobalSection(ProjectConfigurationPlatforms) = postSolution
		{D1EF6EAE-4022-416C-B625-491187A2F6B1}.Debug|Any CPU.ActiveCfg = Debug|Any CPU
		{D1EF6EAE-4022-416C-B625-491187A2F6B1}.Debug|Any CPU.Build.0 = Debug|Any CPU
		{D1EF6EAE-4022-416C-B625-491187A2F6B1}.Release|Any CPU.ActiveCfg = Release|Any CPU
		{D1EF6EAE-4022-416C-B625-491187A2F6B1}.Release|Any CPU.Build.0 = Release|Any CPU
		{68F353BF-A3D2-426C-AAEA-4555414D8215}.Debug|Any CPU.ActiveCfg = Debug|Any CPU
		{68F353BF-A3D2-426C-AAEA-4555414D8215}.Debug|Any CPU.Build.0 = Debug|Any CPU
		{68F353BF-A3D2-426C-AAEA-4555414D8215}.Release|Any CPU.ActiveCfg = Release|Any CPU
		{68F353BF-A3D2-426C-AAEA-4555414D8215}.Release|Any CPU.Build.0 = Release|Any CPU
		{AC5E3238-F7C2-48EB-BC0F-BA94B4124E78}.Debug|Any CPU.ActiveCfg = Debug|Any CPU
		{AC5E3238-F7C2-48EB-BC0F-BA94B4124E78}.Debug|Any CPU.Build.0 = Debug|Any CPU
		{AC5E3238-F7C2-48EB-BC0F-BA94B4124E78}.Release|Any CPU.ActiveCfg = Release|Any CPU
		{AC5E3238-F7C2-48EB-BC0F-BA94B4124E78}.Release|Any CPU.Build.0 = Release|Any CPU
		{27B0C6CF-19F9-4CFD-868C-B5E63E4C2B5B}.Debug|Any CPU.ActiveCfg = Debug|Any CPU
		{27B0C6CF-19F9-4CFD-868C-B5E63E4C2B5B}.Debug|Any CPU.Build.0 = Debug|Any CPU
		{27B0C6CF-19F9-4CFD-868C-B5E63E4C2B5B}.Release|Any CPU.ActiveCfg = Release|Any CPU
		{27B0C6CF-19F9-4CFD-868C-B5E63E4C2B5B}.Release|Any CPU.Build.0 = Release|Any CPU
		{05102E5C-7A68-4D53-9E97-ACAC03DD3906}.Debug|Any CPU.ActiveCfg = Debug|Any CPU
		{05102E5C-7A68-4D53-9E97-ACAC03DD3906}.Debug|Any CPU.Build.0 = Debug|Any CPU
		{05102E5C-7A68-4D53-9E97-ACAC03DD3906}.Release|Any CPU.ActiveCfg = Release|Any CPU
		{05102E5C-7A68-4D53-9E97-ACAC03DD3906}.Release|Any CPU.Build.0 = Release|Any CPU
		{A6D7AD22-D319-4DF3-9184-C9991C38054E}.Debug|Any CPU.ActiveCfg = Debug|Any CPU
		{A6D7AD22-D319-4DF3-9184-C9991C38054E}.Debug|Any CPU.Build.0 = Debug|Any CPU
		{A6D7AD22-D319-4DF3-9184-C9991C38054E}.Release|Any CPU.ActiveCfg = Release|Any CPU
		{A6D7AD22-D319-4DF3-9184-C9991C38054E}.Release|Any CPU.Build.0 = Release|Any CPU
		{B9C09AE9-5F7C-4E3A-AA66-57CD8A7A352F}.Debug|Any CPU.ActiveCfg = Debug|Any CPU
		{B9C09AE9-5F7C-4E3A-AA66-57CD8A7A352F}.Debug|Any CPU.Build.0 = Debug|Any CPU
		{B9C09AE9-5F7C-4E3A-AA66-57CD8A7A352F}.Release|Any CPU.ActiveCfg = Release|Any CPU
		{B9C09AE9-5F7C-4E3A-AA66-57CD8A7A352F}.Release|Any CPU.Build.0 = Release|Any CPU
		{421C9C2E-F463-4E6E-8CF0-0EDD2CC1DFE5}.Debug|Any CPU.ActiveCfg = Debug|Any CPU
		{421C9C2E-F463-4E6E-8CF0-0EDD2CC1DFE5}.Debug|Any CPU.Build.0 = Debug|Any CPU
		{421C9C2E-F463-4E6E-8CF0-0EDD2CC1DFE5}.Release|Any CPU.ActiveCfg = Release|Any CPU
		{421C9C2E-F463-4E6E-8CF0-0EDD2CC1DFE5}.Release|Any CPU.Build.0 = Release|Any CPU
	EndGlobalSection
	GlobalSection(SolutionProperties) = preSolution
		HideSolutionNode = FALSE
	EndGlobalSection
	GlobalSection(ExtensibilityGlobals) = postSolution
		SolutionGuid = {8205157F-DC9B-462E-AB7B-CF557F19F74D}
	EndGlobalSection
EndGlobal
